
Microsoft Visual Studio Solution File, Format Version 12.00
# Visual Studio Version 17
VisualStudioVersion = 17.6.33801.468
MinimumVisualStudioVersion = 10.0.40219.1
Project("{9A19103F-16F7-4668-BE54-9A1E7A4F7556}") = "GreedySnake", "GreedySnake\GreedySnake.csproj", "{B6CE5B4E-BA3C-41BB-AF7E-FB9F4528F1E9}"
EndProject
Project("{9A19103F-16F7-4668-BE54-9A1E7A4F7556}") = "GreedySnakeGUI", "GreedySnakeGUI\GreedySnakeGUI.csproj", "{FBE125B6-C006-4A4E-B36A-F0BFB04A0B97}"
	ProjectSection(ProjectDependencies) = postProject
		{B6CE5B4E-BA3C-41BB-AF7E-FB9F4528F1E9} = {B6CE5B4E-BA3C-41BB-AF7E-FB9F4528F1E9}
	EndProjectSection
EndProject
Project("{FAE04EC0-301F-11D3-BF4B-00C04F79EFBC}") = "GreedySnakeML", "GreedySnakeML\GreedySnakeML.csproj", "{CA1FCFC7-1819-4FF4-BFF4-6275ADDD7A2D}"
EndProject
Project("{FAE04EC0-301F-11D3-BF4B-00C04F79EFBC}") = "GreedySnakeMLConsole", "GreedySnakeMLConsole\GreedySnakeMLConsole.csproj", "{5D5693AF-8515-4707-B441-2ECE188B5C2F}"
EndProject
Global
	GlobalSection(SolutionConfigurationPlatforms) = preSolution
		Debug|Any CPU = Debug|Any CPU
		Release|Any CPU = Release|Any CPU
	EndGlobalSection
	GlobalSection(ProjectConfigurationPlatforms) = postSolution
		{B6CE5B4E-BA3C-41BB-AF7E-FB9F4528F1E9}.Debug|Any CPU.ActiveCfg = Debug|Any CPU
		{B6CE5B4E-BA3C-41BB-AF7E-FB9F4528F1E9}.Debug|Any CPU.Build.0 = Debug|Any CPU
		{B6CE5B4E-BA3C-41BB-AF7E-FB9F4528F1E9}.Release|Any CPU.ActiveCfg = Release|Any CPU
		{B6CE5B4E-BA3C-41BB-AF7E-FB9F4528F1E9}.Release|Any CPU.Build.0 = Release|Any CPU
		{FBE125B6-C006-4A4E-B36A-F0BFB04A0B97}.Debug|Any CPU.ActiveCfg = Debug|Any CPU
		{FBE125B6-C006-4A4E-B36A-F0BFB04A0B97}.Debug|Any CPU.Build.0 = Debug|Any CPU
		{FBE125B6-C006-4A4E-B36A-F0BFB04A0B97}.Release|Any CPU.ActiveCfg = Release|Any CPU
		{FBE125B6-C006-4A4E-B36A-F0BFB04A0B97}.Release|Any CPU.Build.0 = Release|Any CPU
		{CA1FCFC7-1819-4FF4-BFF4-6275ADDD7A2D}.Debug|Any CPU.ActiveCfg = Debug|Any CPU
		{CA1FCFC7-1819-4FF4-BFF4-6275ADDD7A2D}.Debug|Any CPU.Build.0 = Debug|Any CPU
		{CA1FCFC7-1819-4FF4-BFF4-6275ADDD7A2D}.Release|Any CPU.ActiveCfg = Release|Any CPU
		{CA1FCFC7-1819-4FF4-BFF4-6275ADDD7A2D}.Release|Any CPU.Build.0 = Release|Any CPU
		{5D5693AF-8515-4707-B441-2ECE188B5C2F}.Debug|Any CPU.ActiveCfg = Debug|Any CPU
		{5D5693AF-8515-4707-B441-2ECE188B5C2F}.Debug|Any CPU.Build.0 = Debug|Any CPU
		{5D5693AF-8515-4707-B441-2ECE188B5C2F}.Release|Any CPU.ActiveCfg = Release|Any CPU
		{5D5693AF-8515-4707-B441-2ECE188B5C2F}.Release|Any CPU.Build.0 = Release|Any CPU
	EndGlobalSection
	GlobalSection(SolutionProperties) = preSolution
		HideSolutionNode = FALSE
	EndGlobalSection
	GlobalSection(ExtensibilityGlobals) = postSolution
		SolutionGuid = {899ACC1C-7FF4-4A2C-800C-E1573A209BEE}
	EndGlobalSection
EndGlobal
